// !$*UTF8*$!
{
	archiveVersion = 1;
	classes = {
	};
	objectVersion = 51;
	objects = {

/* Begin PBXBuildFile section */
		35727C4CE93902FBBCB4A42A /* Pods_SampleTests.framework in Frameworks */ = {isa = PBXBuildFile; fileRef = 160FC79E5080AA0454247CAD /* Pods_SampleTests.framework */; };
		B0426D512514EF5400AB4739 /* SwiftUIViewFor13.swift in Sources */ = {isa = PBXBuildFile; fileRef = B0426D502514EF5400AB4739 /* SwiftUIViewFor13.swift */; };
		B0426D712514F4A800AB4739 /* SwiftUIViewFor14.swift in Sources */ = {isa = PBXBuildFile; fileRef = B0426D702514F4A800AB4739 /* SwiftUIViewFor14.swift */; };
		B085859524E1939A00AF211D /* SampleView.swift in Sources */ = {isa = PBXBuildFile; fileRef = B085859424E1939A00AF211D /* SampleView.swift */; };
		B09B7E251AFF03DF0074ACA7 /* AppDelegate.swift in Sources */ = {isa = PBXBuildFile; fileRef = B09B7E241AFF03DF0074ACA7 /* AppDelegate.swift */; };
		B09B7E271AFF03DF0074ACA7 /* ViewController.swift in Sources */ = {isa = PBXBuildFile; fileRef = B09B7E261AFF03DF0074ACA7 /* ViewController.swift */; };
		B09B7E2A1AFF03DF0074ACA7 /* Main.storyboard in Resources */ = {isa = PBXBuildFile; fileRef = B09B7E281AFF03DF0074ACA7 /* Main.storyboard */; };
		B09B7E2C1AFF03DF0074ACA7 /* Images.xcassets in Resources */ = {isa = PBXBuildFile; fileRef = B09B7E2B1AFF03DF0074ACA7 /* Images.xcassets */; };
		B09B7E2F1AFF03DF0074ACA7 /* LaunchScreen.xib in Resources */ = {isa = PBXBuildFile; fileRef = B09B7E2D1AFF03DF0074ACA7 /* LaunchScreen.xib */; };
		B09B7E3B1AFF03DF0074ACA7 /* SampleTests.swift in Sources */ = {isa = PBXBuildFile; fileRef = B09B7E3A1AFF03DF0074ACA7 /* SampleTests.swift */; };
		C2FB3EC8657116283267F9C6 /* Pods_Sample.framework in Frameworks */ = {isa = PBXBuildFile; fileRef = 8C49C8C5B3B72A8EFAA975BD /* Pods_Sample.framework */; };
/* End PBXBuildFile section */

/* Begin PBXContainerItemProxy section */
		B09B7E351AFF03DF0074ACA7 /* PBXContainerItemProxy */ = {
			isa = PBXContainerItemProxy;
			containerPortal = B09B7E171AFF03DE0074ACA7 /* Project object */;
			proxyType = 1;
			remoteGlobalIDString = B09B7E1E1AFF03DF0074ACA7;
			remoteInfo = Sample;
		};
/* End PBXContainerItemProxy section */

/* Begin PBXFileReference section */
		0185E2EB172C88AD1648D935 /* Pods-SampleTests.release.xcconfig */ = {isa = PBXFileReference; includeInIndex = 1; lastKnownFileType = text.xcconfig; name = "Pods-SampleTests.release.xcconfig"; path = "Pods/Target Support Files/Pods-SampleTests/Pods-SampleTests.release.xcconfig"; sourceTree = "<group>"; };
		160FC79E5080AA0454247CAD /* Pods_SampleTests.framework */ = {isa = PBXFileReference; explicitFileType = wrapper.framework; includeInIndex = 0; path = Pods_SampleTests.framework; sourceTree = BUILT_PRODUCTS_DIR; };
		8C49C8C5B3B72A8EFAA975BD /* Pods_Sample.framework */ = {isa = PBXFileReference; explicitFileType = wrapper.framework; includeInIndex = 0; path = Pods_Sample.framework; sourceTree = BUILT_PRODUCTS_DIR; };
		B0426D502514EF5400AB4739 /* SwiftUIViewFor13.swift */ = {isa = PBXFileReference; lastKnownFileType = sourcecode.swift; path = SwiftUIViewFor13.swift; sourceTree = "<group>"; };
		B0426D702514F4A800AB4739 /* SwiftUIViewFor14.swift */ = {isa = PBXFileReference; fileEncoding = 4; lastKnownFileType = sourcecode.swift; path = SwiftUIViewFor14.swift; sourceTree = "<group>"; };
		B085859424E1939A00AF211D /* SampleView.swift */ = {isa = PBXFileReference; lastKnownFileType = sourcecode.swift; path = SampleView.swift; sourceTree = "<group>"; };
		B09B7E1F1AFF03DF0074ACA7 /* Sample.app */ = {isa = PBXFileReference; explicitFileType = wrapper.application; includeInIndex = 0; path = Sample.app; sourceTree = BUILT_PRODUCTS_DIR; };
		B09B7E231AFF03DF0074ACA7 /* Info.plist */ = {isa = PBXFileReference; lastKnownFileType = text.plist.xml; path = Info.plist; sourceTree = "<group>"; };
		B09B7E241AFF03DF0074ACA7 /* AppDelegate.swift */ = {isa = PBXFileReference; lastKnownFileType = sourcecode.swift; path = AppDelegate.swift; sourceTree = "<group>"; };
		B09B7E261AFF03DF0074ACA7 /* ViewController.swift */ = {isa = PBXFileReference; lastKnownFileType = sourcecode.swift; path = ViewController.swift; sourceTree = "<group>"; };
		B09B7E291AFF03DF0074ACA7 /* Base */ = {isa = PBXFileReference; lastKnownFileType = file.storyboard; name = Base; path = Base.lproj/Main.storyboard; sourceTree = "<group>"; };
		B09B7E2B1AFF03DF0074ACA7 /* Images.xcassets */ = {isa = PBXFileReference; lastKnownFileType = folder.assetcatalog; path = Images.xcassets; sourceTree = "<group>"; };
		B09B7E2E1AFF03DF0074ACA7 /* Base */ = {isa = PBXFileReference; lastKnownFileType = file.xib; name = Base; path = Base.lproj/LaunchScreen.xib; sourceTree = "<group>"; };
		B09B7E341AFF03DF0074ACA7 /* SampleTests.xctest */ = {isa = PBXFileReference; explicitFileType = wrapper.cfbundle; includeInIndex = 0; path = SampleTests.xctest; sourceTree = BUILT_PRODUCTS_DIR; };
		B09B7E391AFF03DF0074ACA7 /* Info.plist */ = {isa = PBXFileReference; lastKnownFileType = text.plist.xml; path = Info.plist; sourceTree = "<group>"; };
		B09B7E3A1AFF03DF0074ACA7 /* SampleTests.swift */ = {isa = PBXFileReference; lastKnownFileType = sourcecode.swift; path = SampleTests.swift; sourceTree = "<group>"; };
		B4B57DBE4984CDAD2E6E98AB /* Pods-SampleTests.debug.xcconfig */ = {isa = PBXFileReference; includeInIndex = 1; lastKnownFileType = text.xcconfig; name = "Pods-SampleTests.debug.xcconfig"; path = "Pods/Target Support Files/Pods-SampleTests/Pods-SampleTests.debug.xcconfig"; sourceTree = "<group>"; };
		C24790F417D7C5AA97C48D74 /* Pods-Sample.release.xcconfig */ = {isa = PBXFileReference; includeInIndex = 1; lastKnownFileType = text.xcconfig; name = "Pods-Sample.release.xcconfig"; path = "Pods/Target Support Files/Pods-Sample/Pods-Sample.release.xcconfig"; sourceTree = "<group>"; };
		D2224B8B160B94611AE69EAB /* Pods-Sample.debug.xcconfig */ = {isa = PBXFileReference; includeInIndex = 1; lastKnownFileType = text.xcconfig; name = "Pods-Sample.debug.xcconfig"; path = "Pods/Target Support Files/Pods-Sample/Pods-Sample.debug.xcconfig"; sourceTree = "<group>"; };
/* End PBXFileReference section */

/* Begin PBXFrameworksBuildPhase section */
		B09B7E1C1AFF03DF0074ACA7 /* Frameworks */ = {
			isa = PBXFrameworksBuildPhase;
			buildActionMask = 2147483647;
			files = (
				C2FB3EC8657116283267F9C6 /* Pods_Sample.framework in Frameworks */,
			);
			runOnlyForDeploymentPostprocessing = 0;
		};
		B09B7E311AFF03DF0074ACA7 /* Frameworks */ = {
			isa = PBXFrameworksBuildPhase;
			buildActionMask = 2147483647;
			files = (
				35727C4CE93902FBBCB4A42A /* Pods_SampleTests.framework in Frameworks */,
			);
			runOnlyForDeploymentPostprocessing = 0;
		};
/* End PBXFrameworksBuildPhase section */

/* Begin PBXGroup section */
		9A6B0AB900C45A4ECAF3399D /* Frameworks */ = {
			isa = PBXGroup;
			children = (
				8C49C8C5B3B72A8EFAA975BD /* Pods_Sample.framework */,
				160FC79E5080AA0454247CAD /* Pods_SampleTests.framework */,
			);
			name = Frameworks;
			sourceTree = "<group>";
		};
		AC396C41187F44463FE1BEC7 /* Pods */ = {
			isa = PBXGroup;
			children = (
				D2224B8B160B94611AE69EAB /* Pods-Sample.debug.xcconfig */,
				C24790F417D7C5AA97C48D74 /* Pods-Sample.release.xcconfig */,
				B4B57DBE4984CDAD2E6E98AB /* Pods-SampleTests.debug.xcconfig */,
				0185E2EB172C88AD1648D935 /* Pods-SampleTests.release.xcconfig */,
			);
			name = Pods;
			sourceTree = "<group>";
		};
		B09B7E161AFF03DE0074ACA7 = {
			isa = PBXGroup;
			children = (
				B09B7E211AFF03DF0074ACA7 /* Sample */,
				B09B7E371AFF03DF0074ACA7 /* SampleTests */,
				B09B7E201AFF03DF0074ACA7 /* Products */,
				AC396C41187F44463FE1BEC7 /* Pods */,
				9A6B0AB900C45A4ECAF3399D /* Frameworks */,
			);
			sourceTree = "<group>";
		};
		B09B7E201AFF03DF0074ACA7 /* Products */ = {
			isa = PBXGroup;
			children = (
				B09B7E1F1AFF03DF0074ACA7 /* Sample.app */,
				B09B7E341AFF03DF0074ACA7 /* SampleTests.xctest */,
			);
			name = Products;
			sourceTree = "<group>";
		};
		B09B7E211AFF03DF0074ACA7 /* Sample */ = {
			isa = PBXGroup;
			children = (
				B09B7E241AFF03DF0074ACA7 /* AppDelegate.swift */,
				B09B7E261AFF03DF0074ACA7 /* ViewController.swift */,
				B085859424E1939A00AF211D /* SampleView.swift */,
				B09B7E281AFF03DF0074ACA7 /* Main.storyboard */,
				B09B7E2B1AFF03DF0074ACA7 /* Images.xcassets */,
				B09B7E2D1AFF03DF0074ACA7 /* LaunchScreen.xib */,
				B09B7E221AFF03DF0074ACA7 /* Supporting Files */,
				B0426D502514EF5400AB4739 /* SwiftUIViewFor13.swift */,
				B0426D702514F4A800AB4739 /* SwiftUIViewFor14.swift */,
			);
			path = Sample;
			sourceTree = "<group>";
		};
		B09B7E221AFF03DF0074ACA7 /* Supporting Files */ = {
			isa = PBXGroup;
			children = (
				B09B7E231AFF03DF0074ACA7 /* Info.plist */,
			);
			name = "Supporting Files";
			sourceTree = "<group>";
		};
		B09B7E371AFF03DF0074ACA7 /* SampleTests */ = {
			isa = PBXGroup;
			children = (
				B09B7E3A1AFF03DF0074ACA7 /* SampleTests.swift */,
				B09B7E381AFF03DF0074ACA7 /* Supporting Files */,
			);
			path = SampleTests;
			sourceTree = "<group>";
		};
		B09B7E381AFF03DF0074ACA7 /* Supporting Files */ = {
			isa = PBXGroup;
			children = (
				B09B7E391AFF03DF0074ACA7 /* Info.plist */,
			);
			name = "Supporting Files";
			sourceTree = "<group>";
		};
/* End PBXGroup section */

/* Begin PBXNativeTarget section */
		B09B7E1E1AFF03DF0074ACA7 /* Sample */ = {
			isa = PBXNativeTarget;
			buildConfigurationList = B09B7E3E1AFF03DF0074ACA7 /* Build configuration list for PBXNativeTarget "Sample" */;
			buildPhases = (
				BFEE9F8A53477546E447B5D1 /* [CP] Check Pods Manifest.lock */,
				B09B7E1B1AFF03DF0074ACA7 /* Sources */,
				B09B7E1C1AFF03DF0074ACA7 /* Frameworks */,
				B09B7E1D1AFF03DF0074ACA7 /* Resources */,
				DB38808A6EA5A3023102DA8C /* [CP] Embed Pods Frameworks */,
			);
			buildRules = (
			);
			dependencies = (
			);
			name = Sample;
			productName = Sample;
			productReference = B09B7E1F1AFF03DF0074ACA7 /* Sample.app */;
			productType = "com.apple.product-type.application";
		};
		B09B7E331AFF03DF0074ACA7 /* SampleTests */ = {
			isa = PBXNativeTarget;
			buildConfigurationList = B09B7E411AFF03DF0074ACA7 /* Build configuration list for PBXNativeTarget "SampleTests" */;
			buildPhases = (
				65BD20F9F60E6266E8CB0EFC /* [CP] Check Pods Manifest.lock */,
				B09B7E301AFF03DF0074ACA7 /* Sources */,
				B09B7E311AFF03DF0074ACA7 /* Frameworks */,
				B09B7E321AFF03DF0074ACA7 /* Resources */,
			);
			buildRules = (
			);
			dependencies = (
				B09B7E361AFF03DF0074ACA7 /* PBXTargetDependency */,
			);
			name = SampleTests;
			productName = SampleTests;
			productReference = B09B7E341AFF03DF0074ACA7 /* SampleTests.xctest */;
			productType = "com.apple.product-type.bundle.unit-test";
		};
/* End PBXNativeTarget section */

/* Begin PBXProject section */
		B09B7E171AFF03DE0074ACA7 /* Project object */ = {
			isa = PBXProject;
			attributes = {
				LastSwiftUpdateCheck = 0730;
				LastUpgradeCheck = 1200;
				ORGANIZATIONNAME = tichise;
				TargetAttributes = {
					B09B7E1E1AFF03DF0074ACA7 = {
						CreatedOnToolsVersion = 6.3.1;
						LastSwiftMigration = 1020;
					};
					B09B7E331AFF03DF0074ACA7 = {
						CreatedOnToolsVersion = 6.3.1;
						LastSwiftMigration = 1020;
						TestTargetID = B09B7E1E1AFF03DF0074ACA7;
					};
				};
			};
			buildConfigurationList = B09B7E1A1AFF03DE0074ACA7 /* Build configuration list for PBXProject "Sample" */;
			compatibilityVersion = "Xcode 10.0";
			developmentRegion = en;
			hasScannedForEncodings = 0;
			knownRegions = (
				en,
				Base,
			);
			mainGroup = B09B7E161AFF03DE0074ACA7;
			productRefGroup = B09B7E201AFF03DF0074ACA7 /* Products */;
			projectDirPath = "";
			projectRoot = "";
			targets = (
				B09B7E1E1AFF03DF0074ACA7 /* Sample */,
				B09B7E331AFF03DF0074ACA7 /* SampleTests */,
			);
		};
/* End PBXProject section */

/* Begin PBXResourcesBuildPhase section */
		B09B7E1D1AFF03DF0074ACA7 /* Resources */ = {
			isa = PBXResourcesBuildPhase;
			buildActionMask = 2147483647;
			files = (
				B09B7E2A1AFF03DF0074ACA7 /* Main.storyboard in Resources */,
				B09B7E2F1AFF03DF0074ACA7 /* LaunchScreen.xib in Resources */,
				B09B7E2C1AFF03DF0074ACA7 /* Images.xcassets in Resources */,
			);
			runOnlyForDeploymentPostprocessing = 0;
		};
		B09B7E321AFF03DF0074ACA7 /* Resources */ = {
			isa = PBXResourcesBuildPhase;
			buildActionMask = 2147483647;
			files = (
			);
			runOnlyForDeploymentPostprocessing = 0;
		};
/* End PBXResourcesBuildPhase section */

/* Begin PBXShellScriptBuildPhase section */
		65BD20F9F60E6266E8CB0EFC /* [CP] Check Pods Manifest.lock */ = {
			isa = PBXShellScriptBuildPhase;
			buildActionMask = 2147483647;
			files = (
			);
			inputPaths = (
				"${PODS_PODFILE_DIR_PATH}/Podfile.lock",
				"${PODS_ROOT}/Manifest.lock",
			);
			name = "[CP] Check Pods Manifest.lock";
			outputPaths = (
				"$(DERIVED_FILE_DIR)/Pods-SampleTests-checkManifestLockResult.txt",
			);
			runOnlyForDeploymentPostprocessing = 0;
			shellPath = /bin/sh;
			shellScript = "diff \"${PODS_PODFILE_DIR_PATH}/Podfile.lock\" \"${PODS_ROOT}/Manifest.lock\" > /dev/null\nif [ $? != 0 ] ; then\n    # print error to STDERR\n    echo \"error: The sandbox is not in sync with the Podfile.lock. Run 'pod install' or update your CocoaPods installation.\" >&2\n    exit 1\nfi\n# This output is used by Xcode 'outputs' to avoid re-running this script phase.\necho \"SUCCESS\" > \"${SCRIPT_OUTPUT_FILE_0}\"\n";
			showEnvVarsInLog = 0;
		};
		BFEE9F8A53477546E447B5D1 /* [CP] Check Pods Manifest.lock */ = {
			isa = PBXShellScriptBuildPhase;
			buildActionMask = 2147483647;
			files = (
			);
			inputPaths = (
				"${PODS_PODFILE_DIR_PATH}/Podfile.lock",
				"${PODS_ROOT}/Manifest.lock",
			);
			name = "[CP] Check Pods Manifest.lock";
			outputPaths = (
				"$(DERIVED_FILE_DIR)/Pods-Sample-checkManifestLockResult.txt",
			);
			runOnlyForDeploymentPostprocessing = 0;
			shellPath = /bin/sh;
			shellScript = "diff \"${PODS_PODFILE_DIR_PATH}/Podfile.lock\" \"${PODS_ROOT}/Manifest.lock\" > /dev/null\nif [ $? != 0 ] ; then\n    # print error to STDERR\n    echo \"error: The sandbox is not in sync with the Podfile.lock. Run 'pod install' or update your CocoaPods installation.\" >&2\n    exit 1\nfi\n# This output is used by Xcode 'outputs' to avoid re-running this script phase.\necho \"SUCCESS\" > \"${SCRIPT_OUTPUT_FILE_0}\"\n";
			showEnvVarsInLog = 0;
		};
		DB38808A6EA5A3023102DA8C /* [CP] Embed Pods Frameworks */ = {
			isa = PBXShellScriptBuildPhase;
			buildActionMask = 2147483647;
			files = (
			);
			inputFileListPaths = (
				"${PODS_ROOT}/Target Support Files/Pods-Sample/Pods-Sample-frameworks-${CONFIGURATION}-input-files.xcfilelist",
			);
			name = "[CP] Embed Pods Frameworks";
			outputFileListPaths = (
				"${PODS_ROOT}/Target Support Files/Pods-Sample/Pods-Sample-frameworks-${CONFIGURATION}-output-files.xcfilelist",
			);
			runOnlyForDeploymentPostprocessing = 0;
			shellPath = /bin/sh;
			shellScript = "\"${PODS_ROOT}/Target Support Files/Pods-Sample/Pods-Sample-frameworks.sh\"\n";
			showEnvVarsInLog = 0;
		};
/* End PBXShellScriptBuildPhase section */

/* Begin PBXSourcesBuildPhase section */
		B09B7E1B1AFF03DF0074ACA7 /* Sources */ = {
			isa = PBXSourcesBuildPhase;
			buildActionMask = 2147483647;
			files = (
				B09B7E271AFF03DF0074ACA7 /* ViewController.swift in Sources */,
				B0426D712514F4A800AB4739 /* SwiftUIViewFor14.swift in Sources */,
				B085859524E1939A00AF211D /* SampleView.swift in Sources */,
				B0426D512514EF5400AB4739 /* SwiftUIViewFor13.swift in Sources */,
				B09B7E251AFF03DF0074ACA7 /* AppDelegate.swift in Sources */,
			);
			runOnlyForDeploymentPostprocessing = 0;
		};
		B09B7E301AFF03DF0074ACA7 /* Sources */ = {
			isa = PBXSourcesBuildPhase;
			buildActionMask = 2147483647;
			files = (
				B09B7E3B1AFF03DF0074ACA7 /* SampleTests.swift in Sources */,
			);
			runOnlyForDeploymentPostprocessing = 0;
		};
/* End PBXSourcesBuildPhase section */

/* Begin PBXTargetDependency section */
		B09B7E361AFF03DF0074ACA7 /* PBXTargetDependency */ = {
			isa = PBXTargetDependency;
			target = B09B7E1E1AFF03DF0074ACA7 /* Sample */;
			targetProxy = B09B7E351AFF03DF0074ACA7 /* PBXContainerItemProxy */;
		};
/* End PBXTargetDependency section */

/* Begin PBXVariantGroup section */
		B09B7E281AFF03DF0074ACA7 /* Main.storyboard */ = {
			isa = PBXVariantGroup;
			children = (
				B09B7E291AFF03DF0074ACA7 /* Base */,
			);
			name = Main.storyboard;
			sourceTree = "<group>";
		};
		B09B7E2D1AFF03DF0074ACA7 /* LaunchScreen.xib */ = {
			isa = PBXVariantGroup;
			children = (
				B09B7E2E1AFF03DF0074ACA7 /* Base */,
			);
			name = LaunchScreen.xib;
			sourceTree = "<group>";
		};
/* End PBXVariantGroup section */

/* Begin XCBuildConfiguration section */
		B09B7E3C1AFF03DF0074ACA7 /* Debug */ = {
			isa = XCBuildConfiguration;
			buildSettings = {
				ALWAYS_SEARCH_USER_PATHS = NO;
				CLANG_CXX_LANGUAGE_STANDARD = "gnu++0x";
				CLANG_CXX_LIBRARY = "libc++";
				CLANG_ENABLE_MODULES = YES;
				CLANG_ENABLE_OBJC_ARC = YES;
				CLANG_WARN_BLOCK_CAPTURE_AUTORELEASING = YES;
				CLANG_WARN_BOOL_CONVERSION = YES;
				CLANG_WARN_COMMA = YES;
				CLANG_WARN_CONSTANT_CONVERSION = YES;
				CLANG_WARN_DEPRECATED_OBJC_IMPLEMENTATIONS = YES;
				CLANG_WARN_DIRECT_OBJC_ISA_USAGE = YES_ERROR;
				CLANG_WARN_EMPTY_BODY = YES;
				CLANG_WARN_ENUM_CONVERSION = YES;
				CLANG_WARN_INFINITE_RECURSION = YES;
				CLANG_WARN_INT_CONVERSION = YES;
				CLANG_WARN_NON_LITERAL_NULL_CONVERSION = YES;
				CLANG_WARN_OBJC_IMPLICIT_RETAIN_SELF = YES;
				CLANG_WARN_OBJC_LITERAL_CONVERSION = YES;
				CLANG_WARN_OBJC_ROOT_CLASS = YES_ERROR;
				CLANG_WARN_QUOTED_INCLUDE_IN_FRAMEWORK_HEADER = YES;
				CLANG_WARN_RANGE_LOOP_ANALYSIS = YES;
				CLANG_WARN_STRICT_PROTOTYPES = YES;
				CLANG_WARN_SUSPICIOUS_MOVE = YES;
				CLANG_WARN_UNREACHABLE_CODE = YES;
				CLANG_WARN__DUPLICATE_METHOD_MATCH = YES;
				"CODE_SIGN_IDENTITY[sdk=iphoneos*]" = "iPhone Developer";
				COPY_PHASE_STRIP = NO;
				DEBUG_INFORMATION_FORMAT = "dwarf-with-dsym";
				ENABLE_STRICT_OBJC_MSGSEND = YES;
				ENABLE_TESTABILITY = YES;
				GCC_C_LANGUAGE_STANDARD = gnu99;
				GCC_DYNAMIC_NO_PIC = NO;
				GCC_NO_COMMON_BLOCKS = YES;
				GCC_OPTIMIZATION_LEVEL = 0;
				GCC_PREPROCESSOR_DEFINITIONS = (
					"DEBUG=1",
					"$(inherited)",
				);
				GCC_SYMBOLS_PRIVATE_EXTERN = NO;
				GCC_WARN_64_TO_32_BIT_CONVERSION = YES;
				GCC_WARN_ABOUT_RETURN_TYPE = YES_ERROR;
				GCC_WARN_UNDECLARED_SELECTOR = YES;
				GCC_WARN_UNINITIALIZED_AUTOS = YES_AGGRESSIVE;
				GCC_WARN_UNUSED_FUNCTION = YES;
				GCC_WARN_UNUSED_VARIABLE = YES;
				IPHONEOS_DEPLOYMENT_TARGET = 12.0;
				MTL_ENABLE_DEBUG_INFO = YES;
				ONLY_ACTIVE_ARCH = YES;
				SDKROOT = iphoneos;
				SWIFT_OPTIMIZATION_LEVEL = "-Onone";
				SWIFT_SWIFT3_OBJC_INFERENCE = Off;
				SWIFT_VERSION = 4.0;
			};
			name = Debug;
		};
		B09B7E3D1AFF03DF0074ACA7 /* Release */ = {
			isa = XCBuildConfiguration;
			buildSettings = {
				ALWAYS_SEARCH_USER_PATHS = NO;
				CLANG_CXX_LANGUAGE_STANDARD = "gnu++0x";
				CLANG_CXX_LIBRARY = "libc++";
				CLANG_ENABLE_MODULES = YES;
				CLANG_ENABLE_OBJC_ARC = YES;
				CLANG_WARN_BLOCK_CAPTURE_AUTORELEASING = YES;
				CLANG_WARN_BOOL_CONVERSION = YES;
				CLANG_WARN_COMMA = YES;
				CLANG_WARN_CONSTANT_CONVERSION = YES;
				CLANG_WARN_DEPRECATED_OBJC_IMPLEMENTATIONS = YES;
				CLANG_WARN_DIRECT_OBJC_ISA_USAGE = YES_ERROR;
				CLANG_WARN_EMPTY_BODY = YES;
				CLANG_WARN_ENUM_CONVERSION = YES;
				CLANG_WARN_INFINITE_RECURSION = YES;
				CLANG_WARN_INT_CONVERSION = YES;
				CLANG_WARN_NON_LITERAL_NULL_CONVERSION = YES;
				CLANG_WARN_OBJC_IMPLICIT_RETAIN_SELF = YES;
				CLANG_WARN_OBJC_LITERAL_CONVERSION = YES;
				CLANG_WARN_OBJC_ROOT_CLASS = YES_ERROR;
				CLANG_WARN_QUOTED_INCLUDE_IN_FRAMEWORK_HEADER = YES;
				CLANG_WARN_RANGE_LOOP_ANALYSIS = YES;
				CLANG_WARN_STRICT_PROTOTYPES = YES;
				CLANG_WARN_SUSPICIOUS_MOVE = YES;
				CLANG_WARN_UNREACHABLE_CODE = YES;
				CLANG_WARN__DUPLICATE_METHOD_MATCH = YES;
				"CODE_SIGN_IDENTITY[sdk=iphoneos*]" = "iPhone Developer";
				COPY_PHASE_STRIP = NO;
				DEBUG_INFORMATION_FORMAT = "dwarf-with-dsym";
				ENABLE_NS_ASSERTIONS = NO;
				ENABLE_STRICT_OBJC_MSGSEND = YES;
				GCC_C_LANGUAGE_STANDARD = gnu99;
				GCC_NO_COMMON_BLOCKS = YES;
				GCC_WARN_64_TO_32_BIT_CONVERSION = YES;
				GCC_WARN_ABOUT_RETURN_TYPE = YES_ERROR;
				GCC_WARN_UNDECLARED_SELECTOR = YES;
				GCC_WARN_UNINITIALIZED_AUTOS = YES_AGGRESSIVE;
				GCC_WARN_UNUSED_FUNCTION = YES;
				GCC_WARN_UNUSED_VARIABLE = YES;
				IPHONEOS_DEPLOYMENT_TARGET = 12.0;
				MTL_ENABLE_DEBUG_INFO = NO;
				SDKROOT = iphoneos;
				SWIFT_COMPILATION_MODE = wholemodule;
				SWIFT_OPTIMIZATION_LEVEL = "-O";
				SWIFT_SWIFT3_OBJC_INFERENCE = Off;
				SWIFT_VERSION = 4.0;
				VALIDATE_PRODUCT = YES;
			};
			name = Release;
		};
		B09B7E3F1AFF03DF0074ACA7 /* Debug */ = {
			isa = XCBuildConfiguration;
			baseConfigurationReference = D2224B8B160B94611AE69EAB /* Pods-Sample.debug.xcconfig */;
			buildSettings = {
				ASSETCATALOG_COMPILER_APPICON_NAME = AppIcon;
				CODE_SIGN_IDENTITY = "iPhone Developer";
				DEVELOPMENT_TEAM = T33NHY384Q;
				INFOPLIST_FILE = Sample/Info.plist;
				LD_RUNPATH_SEARCH_PATHS = (
					"$(inherited)",
					"@executable_path/Frameworks",
				);
				PRODUCT_BUNDLE_IDENTIFIER = sample;
				PRODUCT_NAME = "$(TARGET_NAME)";
				SWIFT_VERSION = 5.0;
			};
			name = Debug;
		};
		B09B7E401AFF03DF0074ACA7 /* Release */ = {
			isa = XCBuildConfiguration;
			baseConfigurationReference = C24790F417D7C5AA97C48D74 /* Pods-Sample.release.xcconfig */;
			buildSettings = {
				ASSETCATALOG_COMPILER_APPICON_NAME = AppIcon;
				CODE_SIGN_IDENTITY = "iPhone Developer";
				DEVELOPMENT_TEAM = T33NHY384Q;
				INFOPLIST_FILE = Sample/Info.plist;
				LD_RUNPATH_SEARCH_PATHS = (
					"$(inherited)",
					"@executable_path/Frameworks",
				);
				PRODUCT_BUNDLE_IDENTIFIER = sample;
				PRODUCT_NAME = "$(TARGET_NAME)";
				SWIFT_VERSION = 5.0;
			};
			name = Release;
		};
		B09B7E421AFF03DF0074ACA7 /* Debug */ = {
			isa = XCBuildConfiguration;
			baseConfigurationReference = B4B57DBE4984CDAD2E6E98AB /* Pods-SampleTests.debug.xcconfig */;
			buildSettings = {
				BUNDLE_LOADER = "$(TEST_HOST)";
				DEVELOPMENT_TEAM = T33NHY384Q;
				FRAMEWORK_SEARCH_PATHS = (
					"$(SDKROOT)/Developer/Library/Frameworks",
					"$(inherited)",
				);
				GCC_PREPROCESSOR_DEFINITIONS = (
					"DEBUG=1",
					"$(inherited)",
				);
				INFOPLIST_FILE = SampleTests/Info.plist;
				LD_RUNPATH_SEARCH_PATHS = (
					"$(inherited)",
					"@executable_path/Frameworks",
					"@loader_path/Frameworks",
				);
				PRODUCT_NAME = "$(TARGET_NAME)";
				SWIFT_VERSION = 5.0;
				TEST_HOST = "$(BUILT_PRODUCTS_DIR)/Sample.app/Sample";
			};
			name = Debug;
		};
		B09B7E431AFF03DF0074ACA7 /* Release */ = {
			isa = XCBuildConfiguration;
			baseConfigurationReference = 0185E2EB172C88AD1648D935 /* Pods-SampleTests.release.xcconfig */;
			buildSettings = {
				BUNDLE_LOADER = "$(TEST_HOST)";
				DEVELOPMENT_TEAM = T33NHY384Q;
				FRAMEWORK_SEARCH_PATHS = (
					"$(SDKROOT)/Developer/Library/Frameworks",
					"$(inherited)",
				);
				INFOPLIST_FILE = SampleTests/Info.plist;
				LD_RUNPATH_SEARCH_PATHS = (
					"$(inherited)",
					"@executable_path/Frameworks",
					"@loader_path/Frameworks",
				);
				PRODUCT_NAME = "$(TARGET_NAME)";
				SWIFT_VERSION = 5.0;
				TEST_HOST = "$(BUILT_PRODUCTS_DIR)/Sample.app/Sample";
			};
			name = Release;
		};
/* End XCBuildConfiguration section */

/* Begin XCConfigurationList section */
		B09B7E1A1AFF03DE0074ACA7 /* Build configuration list for PBXProject "Sample" */ = {
			isa = XCConfigurationList;
			buildConfigurations = (
				B09B7E3C1AFF03DF0074ACA7 /* Debug */,
				B09B7E3D1AFF03DF0074ACA7 /* Release */,
			);
			defaultConfigurationIsVisible = 0;
			defaultConfigurationName = Release;
		};
		B09B7E3E1AFF03DF0074ACA7 /* Build configuration list for PBXNativeTarget "Sample" */ = {
			isa = XCConfigurationList;
			buildConfigurations = (
				B09B7E3F1AFF03DF0074ACA7 /* Debug */,
				B09B7E401AFF03DF0074ACA7 /* Release */,
			);
			defaultConfigurationIsVisible = 0;
			defaultConfigurationName = Release;
		};
		B09B7E411AFF03DF0074ACA7 /* Build configuration list for PBXNativeTarget "SampleTests" */ = {
			isa = XCConfigurationList;
			buildConfigurations = (
				B09B7E421AFF03DF0074ACA7 /* Debug */,
				B09B7E431AFF03DF0074ACA7 /* Release */,
			);
			defaultConfigurationIsVisible = 0;
			defaultConfigurationName = Release;
		};
/* End XCConfigurationList section */
	};
	rootObject = B09B7E171AFF03DE0074ACA7 /* Project object */;
}
